
Microsoft Visual Studio Solution File, Format Version 12.00
# Visual Studio Version 17
VisualStudioVersion = 17.3.32804.467
MinimumVisualStudioVersion = 10.0.40219.1
Project("{FAE04EC0-301F-11D3-BF4B-00C04F79EFBC}") = "task 34-36-38 lesson 5", "task 34-36-38 lesson 5.csproj", "{71FBC49D-F4D6-4EE3-9E61-562037E35091}"
EndProject
Global
	GlobalSection(SolutionConfigurationPlatforms) = preSolution
		Debug|Any CPU = Debug|Any CPU
		Release|Any CPU = Release|Any CPU
	EndGlobalSection
	GlobalSection(ProjectConfigurationPlatforms) = postSolution
		{71FBC49D-F4D6-4EE3-9E61-562037E35091}.Debug|Any CPU.ActiveCfg = Debug|Any CPU
		{71FBC49D-F4D6-4EE3-9E61-562037E35091}.Debug|Any CPU.Build.0 = Debug|Any CPU
		{71FBC49D-F4D6-4EE3-9E61-562037E35091}.Release|Any CPU.ActiveCfg = Release|Any CPU
		{71FBC49D-F4D6-4EE3-9E61-562037E35091}.Release|Any CPU.Build.0 = Release|Any CPU
	EndGlobalSection
	GlobalSection(SolutionProperties) = preSolution
		HideSolutionNode = FALSE
	EndGlobalSection
	GlobalSection(ExtensibilityGlobals) = postSolution
		SolutionGuid = {77F02E87-E6E0-4A32-AC41-3935EE73B2DA}
	EndGlobalSection
EndGlobal
